
Microsoft Visual Studio Solution File, Format Version 12.00
# Visual Studio Version 16
VisualStudioVersion = 16.0.31729.503
MinimumVisualStudioVersion = 10.0.40219.1
Project("{FAE04EC0-301F-11D3-BF4B-00C04F79EFBC}") = "PharmacyApp", "PharmacyApp\PharmacyApp.csproj", "{401FF5B7-579D-45B1-BE61-0DD943519DA6}"
EndProject
Global
	GlobalSection(SolutionConfigurationPlatforms) = preSolution
		Debug|Any CPU = Debug|Any CPU
		Release|Any CPU = Release|Any CPU
	EndGlobalSection
	GlobalSection(ProjectConfigurationPlatforms) = postSolution
		{401FF5B7-579D-45B1-BE61-0DD943519DA6}.Debug|Any CPU.ActiveCfg = Debug|Any CPU
		{401FF5B7-579D-45B1-BE61-0DD943519DA6}.Debug|Any CPU.Build.0 = Debug|Any CPU
		{401FF5B7-579D-45B1-BE61-0DD943519DA6}.Release|Any CPU.ActiveCfg = Release|Any CPU
		{401FF5B7-579D-45B1-BE61-0DD943519DA6}.Release|Any CPU.Build.0 = Release|Any CPU
	EndGlobalSection
	GlobalSection(SolutionProperties) = preSolution
		HideSolutionNode = FALSE
	EndGlobalSection
	GlobalSection(ExtensibilityGlobals) = postSolution
		SolutionGuid = {8AFF7EBE-0B38-409F-B2C5-181D7C8E8DCB}
	EndGlobalSection
EndGlobal
